{
  "name": "codex-lark-bridge",
  "version": "0.1.0",
  "lockfileVersion": 3,
  "requires": true,
  "packages": {
    "": {
      "name": "codex-lark-bridge",
      "version": "0.1.0",
      "license": "MIT",
      "bin": {
        "codex-feishu-upload": "bin/codex-feishu-upload.mjs",
        "codex-lark-bridge": "bin/codex-lark-bridge.mjs"
      },
      "engines": {
        "node": ">=20"
      }
    }
  }
}
